
Microsoft Visual Studio Solution File, Format Version 12.00
# Visual Studio Version 17
VisualStudioVersion = 17.6.33815.320
MinimumVisualStudioVersion = 10.0.40219.1
Project("{9A19103F-16F7-4668-BE54-9A1E7A4F7556}") = "TestLab", "TestLab\TestLab.csproj", "{295E708E-73B4-465C-9FAF-8DDE281D5B5F}"
EndProject
Project("{FAE04EC0-301F-11D3-BF4B-00C04F79EFBC}") = "TestLab3Test", "TestLab3Test\TestLab3Test.csproj", "{D242FF01-AB97-4C03-BC30-098BF6C78A79}"
EndProject
Global
	GlobalSection(SolutionConfigurationPlatforms) = preSolution
		Debug|Any CPU = Debug|Any CPU
		Release|Any CPU = Release|Any CPU
	EndGlobalSection
	GlobalSection(ProjectConfigurationPlatforms) = postSolution
		{295E708E-73B4-465C-9FAF-8DDE281D5B5F}.Debug|Any CPU.ActiveCfg = Debug|Any CPU
		{295E708E-73B4-465C-9FAF-8DDE281D5B5F}.Debug|Any CPU.Build.0 = Debug|Any CPU
		{295E708E-73B4-465C-9FAF-8DDE281D5B5F}.Release|Any CPU.ActiveCfg = Release|Any CPU
		{295E708E-73B4-465C-9FAF-8DDE281D5B5F}.Release|Any CPU.Build.0 = Release|Any CPU
		{D242FF01-AB97-4C03-BC30-098BF6C78A79}.Debug|Any CPU.ActiveCfg = Debug|Any CPU
		{D242FF01-AB97-4C03-BC30-098BF6C78A79}.Debug|Any CPU.Build.0 = Debug|Any CPU
		{D242FF01-AB97-4C03-BC30-098BF6C78A79}.Release|Any CPU.ActiveCfg = Release|Any CPU
		{D242FF01-AB97-4C03-BC30-098BF6C78A79}.Release|Any CPU.Build.0 = Release|Any CPU
	EndGlobalSection
	GlobalSection(SolutionProperties) = preSolution
		HideSolutionNode = FALSE
	EndGlobalSection
	GlobalSection(ExtensibilityGlobals) = postSolution
		SolutionGuid = {9309D5FC-9832-4C06-8B79-74F6C81140CA}
	EndGlobalSection
EndGlobal
